
Microsoft Visual Studio Solution File, Format Version 12.00
# Visual Studio Version 16
VisualStudioVersion = 16.0.30611.23
MinimumVisualStudioVersion = 10.0.40219.1
Project("{FAE04EC0-301F-11D3-BF4B-00C04F79EFBC}") = "Lab6Client", "Lab6Client\Lab6Client.csproj", "{5351A4D9-6BE0-4E87-BA32-8B8F28F68EB3}"
EndProject
Project("{FAE04EC0-301F-11D3-BF4B-00C04F79EFBC}") = "Lab6Service", "Lab6Service\Lab6Service.csproj", "{A56B5FD3-E44B-4E73-B1B0-B34F3F3B8C2C}"
EndProject
Global
	GlobalSection(SolutionConfigurationPlatforms) = preSolution
		Debug|Any CPU = Debug|Any CPU
		Release|Any CPU = Release|Any CPU
	EndGlobalSection
	GlobalSection(ProjectConfigurationPlatforms) = postSolution
		{5351A4D9-6BE0-4E87-BA32-8B8F28F68EB3}.Debug|Any CPU.ActiveCfg = Debug|Any CPU
		{5351A4D9-6BE0-4E87-BA32-8B8F28F68EB3}.Debug|Any CPU.Build.0 = Debug|Any CPU
		{5351A4D9-6BE0-4E87-BA32-8B8F28F68EB3}.Release|Any CPU.ActiveCfg = Release|Any CPU
		{5351A4D9-6BE0-4E87-BA32-8B8F28F68EB3}.Release|Any CPU.Build.0 = Release|Any CPU
		{A56B5FD3-E44B-4E73-B1B0-B34F3F3B8C2C}.Debug|Any CPU.ActiveCfg = Debug|Any CPU
		{A56B5FD3-E44B-4E73-B1B0-B34F3F3B8C2C}.Debug|Any CPU.Build.0 = Debug|Any CPU
		{A56B5FD3-E44B-4E73-B1B0-B34F3F3B8C2C}.Release|Any CPU.ActiveCfg = Release|Any CPU
		{A56B5FD3-E44B-4E73-B1B0-B34F3F3B8C2C}.Release|Any CPU.Build.0 = Release|Any CPU
	EndGlobalSection
	GlobalSection(SolutionProperties) = preSolution
		HideSolutionNode = FALSE
	EndGlobalSection
	GlobalSection(ExtensibilityGlobals) = postSolution
		SolutionGuid = {AB9B3437-8BB3-461E-868A-D4B18FD8BE5C}
	EndGlobalSection
EndGlobal
