
Microsoft Visual Studio Solution File, Format Version 12.00
# Visual Studio Version 16
VisualStudioVersion = 16.0.30413.136
MinimumVisualStudioVersion = 10.0.40219.1
Project("{FAE04EC0-301F-11D3-BF4B-00C04F79EFBC}") = "Lab1", "Lab1\Lab1.csproj", "{DB199765-D13C-49F6-BD5E-93B78D7D7FD1}"
EndProject
Global
	GlobalSection(SolutionConfigurationPlatforms) = preSolution
		Debug|Any CPU = Debug|Any CPU
		Release|Any CPU = Release|Any CPU
	EndGlobalSection
	GlobalSection(ProjectConfigurationPlatforms) = postSolution
		{DB199765-D13C-49F6-BD5E-93B78D7D7FD1}.Debug|Any CPU.ActiveCfg = Debug|Any CPU
		{DB199765-D13C-49F6-BD5E-93B78D7D7FD1}.Debug|Any CPU.Build.0 = Debug|Any CPU
		{DB199765-D13C-49F6-BD5E-93B78D7D7FD1}.Release|Any CPU.ActiveCfg = Release|Any CPU
		{DB199765-D13C-49F6-BD5E-93B78D7D7FD1}.Release|Any CPU.Build.0 = Release|Any CPU
	EndGlobalSection
	GlobalSection(SolutionProperties) = preSolution
		HideSolutionNode = FALSE
	EndGlobalSection
	GlobalSection(ExtensibilityGlobals) = postSolution
		SolutionGuid = {1C0B9679-848A-45E2-B4A6-E56AE118C975}
	EndGlobalSection
EndGlobal
