
Microsoft Visual Studio Solution File, Format Version 12.00
# Visual Studio Version 16
VisualStudioVersion = 16.0.30523.141
MinimumVisualStudioVersion = 10.0.40219.1
Project("{FAE04EC0-301F-11D3-BF4B-00C04F79EFBC}") = "Lab3-1", "Lab3-1\Lab3-1.csproj", "{A7929327-8A21-45C7-8C6A-1A26EF0FE3A8}"
EndProject
Global
	GlobalSection(SolutionConfigurationPlatforms) = preSolution
		Debug|Any CPU = Debug|Any CPU
		Release|Any CPU = Release|Any CPU
	EndGlobalSection
	GlobalSection(ProjectConfigurationPlatforms) = postSolution
		{A7929327-8A21-45C7-8C6A-1A26EF0FE3A8}.Debug|Any CPU.ActiveCfg = Debug|Any CPU
		{A7929327-8A21-45C7-8C6A-1A26EF0FE3A8}.Debug|Any CPU.Build.0 = Debug|Any CPU
		{A7929327-8A21-45C7-8C6A-1A26EF0FE3A8}.Release|Any CPU.ActiveCfg = Release|Any CPU
		{A7929327-8A21-45C7-8C6A-1A26EF0FE3A8}.Release|Any CPU.Build.0 = Release|Any CPU
	EndGlobalSection
	GlobalSection(SolutionProperties) = preSolution
		HideSolutionNode = FALSE
	EndGlobalSection
	GlobalSection(ExtensibilityGlobals) = postSolution
		SolutionGuid = {AF4D4363-8ACE-402C-BCF5-B80DBC118F11}
	EndGlobalSection
EndGlobal
